
Microsoft Visual Studio Solution File, Format Version 12.00
# Visual Studio Version 17
VisualStudioVersion = 17.13.35806.99 d17.13
MinimumVisualStudioVersion = 10.0.40219.1
Project("{888888A0-9F3D-457C-B088-3A5042F75D52}") = "photostudio", "photostudio.pyproj", "{9B04C588-8FF8-4E73-A47D-B2BA12FBF065}"
EndProject
Global
	GlobalSection(SolutionConfigurationPlatforms) = preSolution
		Debug|Any CPU = Debug|Any CPU
		Release|Any CPU = Release|Any CPU
	EndGlobalSection
	GlobalSection(ProjectConfigurationPlatforms) = postSolution
		{9B04C588-8FF8-4E73-A47D-B2BA12FBF065}.Debug|Any CPU.ActiveCfg = Debug|Any CPU
		{9B04C588-8FF8-4E73-A47D-B2BA12FBF065}.Release|Any CPU.ActiveCfg = Release|Any CPU
	EndGlobalSection
	GlobalSection(SolutionProperties) = preSolution
		HideSolutionNode = FALSE
	EndGlobalSection
	GlobalSection(ExtensibilityGlobals) = postSolution
		SolutionGuid = {A4C51E77-0C24-42F9-AA82-20B3DC71E9E9}
	EndGlobalSection
EndGlobal
